
Microsoft Visual Studio Solution File, Format Version 12.00
# Visual Studio Version 17
VisualStudioVersion = 17.5.33502.453
MinimumVisualStudioVersion = 10.0.40219.1
Project("{FAE04EC0-301F-11D3-BF4B-00C04F79EFBC}") = "CameraTestTool", "CameraTestTool\CameraTestTool.csproj", "{FD49F57C-62C2-4A70-AA64-755BD0662C90}"
EndProject
Global
	GlobalSection(SolutionConfigurationPlatforms) = preSolution
		Debug|Any CPU = Debug|Any CPU
		Release|Any CPU = Release|Any CPU
	EndGlobalSection
	GlobalSection(ProjectConfigurationPlatforms) = postSolution
		{FD49F57C-62C2-4A70-AA64-755BD0662C90}.Debug|Any CPU.ActiveCfg = Debug|Any CPU
		{FD49F57C-62C2-4A70-AA64-755BD0662C90}.Debug|Any CPU.Build.0 = Debug|Any CPU
		{FD49F57C-62C2-4A70-AA64-755BD0662C90}.Release|Any CPU.ActiveCfg = Release|Any CPU
		{FD49F57C-62C2-4A70-AA64-755BD0662C90}.Release|Any CPU.Build.0 = Release|Any CPU
	EndGlobalSection
	GlobalSection(SolutionProperties) = preSolution
		HideSolutionNode = FALSE
	EndGlobalSection
	GlobalSection(ExtensibilityGlobals) = postSolution
		SolutionGuid = {4D3FC42B-9944-4205-AC31-11D324138CEB}
	EndGlobalSection
EndGlobal
